
Microsoft Visual Studio Solution File, Format Version 12.00
# Visual Studio Version 17
VisualStudioVersion = 17.0.31903.59
MinimumVisualStudioVersion = 10.0.40219.1
Project("{FAE04EC0-301F-11D3-BF4B-00C04F79EFBC}") = "API", "API\API.csproj", "{D732B4E0-0152-4B49-B089-5F3B53095497}"
EndProject
Project("{FAE04EC0-301F-11D3-BF4B-00C04F79EFBC}") = "Domain", "Domain\Domain.csproj", "{C9753B3F-45FF-4E69-A98C-1E7EC447FFD9}"
EndProject
Project("{FAE04EC0-301F-11D3-BF4B-00C04F79EFBC}") = "Services", "Services\Services.csproj", "{38669187-63DE-4710-852D-37D521FE900B}"
EndProject
Project("{FAE04EC0-301F-11D3-BF4B-00C04F79EFBC}") = "Data", "Data\Data.csproj", "{94275401-2B39-4E29-B844-589E54F20B08}"
EndProject
Project("{FAE04EC0-301F-11D3-BF4B-00C04F79EFBC}") = "UnitTests", "UnitTests\UnitTests.csproj", "{D9242EE7-4BE6-4DE7-9412-E762C3F3D927}"
EndProject
Project("{FAE04EC0-301F-11D3-BF4B-00C04F79EFBC}") = "IntegrationTests", "IntegrationTests\IntegrationTests.csproj", "{66CCB82C-3AC5-4DAF-AA32-401D300156EA}"
EndProject
Global
	GlobalSection(SolutionConfigurationPlatforms) = preSolution
		Debug|Any CPU = Debug|Any CPU
		Debug|x64 = Debug|x64
		Debug|x86 = Debug|x86
		Release|Any CPU = Release|Any CPU
		Release|x64 = Release|x64
		Release|x86 = Release|x86
	EndGlobalSection
	GlobalSection(ProjectConfigurationPlatforms) = postSolution
		{D732B4E0-0152-4B49-B089-5F3B53095497}.Debug|Any CPU.ActiveCfg = Debug|Any CPU
		{D732B4E0-0152-4B49-B089-5F3B53095497}.Debug|Any CPU.Build.0 = Debug|Any CPU
		{D732B4E0-0152-4B49-B089-5F3B53095497}.Debug|x64.ActiveCfg = Debug|Any CPU
		{D732B4E0-0152-4B49-B089-5F3B53095497}.Debug|x64.Build.0 = Debug|Any CPU
		{D732B4E0-0152-4B49-B089-5F3B53095497}.Debug|x86.ActiveCfg = Debug|Any CPU
		{D732B4E0-0152-4B49-B089-5F3B53095497}.Debug|x86.Build.0 = Debug|Any CPU
		{D732B4E0-0152-4B49-B089-5F3B53095497}.Release|Any CPU.ActiveCfg = Release|Any CPU
		{D732B4E0-0152-4B49-B089-5F3B53095497}.Release|Any CPU.Build.0 = Release|Any CPU
		{D732B4E0-0152-4B49-B089-5F3B53095497}.Release|x64.ActiveCfg = Release|Any CPU
		{D732B4E0-0152-4B49-B089-5F3B53095497}.Release|x64.Build.0 = Release|Any CPU
		{D732B4E0-0152-4B49-B089-5F3B53095497}.Release|x86.ActiveCfg = Release|Any CPU
		{D732B4E0-0152-4B49-B089-5F3B53095497}.Release|x86.Build.0 = Release|Any CPU
		{C9753B3F-45FF-4E69-A98C-1E7EC447FFD9}.Debug|Any CPU.ActiveCfg = Debug|Any CPU
		{C9753B3F-45FF-4E69-A98C-1E7EC447FFD9}.Debug|Any CPU.Build.0 = Debug|Any CPU
		{C9753B3F-45FF-4E69-A98C-1E7EC447FFD9}.Debug|x64.ActiveCfg = Debug|Any CPU
		{C9753B3F-45FF-4E69-A98C-1E7EC447FFD9}.Debug|x64.Build.0 = Debug|Any CPU
		{C9753B3F-45FF-4E69-A98C-1E7EC447FFD9}.Debug|x86.ActiveCfg = Debug|Any CPU
		{C9753B3F-45FF-4E69-A98C-1E7EC447FFD9}.Debug|x86.Build.0 = Debug|Any CPU
		{C9753B3F-45FF-4E69-A98C-1E7EC447FFD9}.Release|Any CPU.ActiveCfg = Release|Any CPU
		{C9753B3F-45FF-4E69-A98C-1E7EC447FFD9}.Release|Any CPU.Build.0 = Release|Any CPU
		{C9753B3F-45FF-4E69-A98C-1E7EC447FFD9}.Release|x64.ActiveCfg = Release|Any CPU
		{C9753B3F-45FF-4E69-A98C-1E7EC447FFD9}.Release|x64.Build.0 = Release|Any CPU
		{C9753B3F-45FF-4E69-A98C-1E7EC447FFD9}.Release|x86.ActiveCfg = Release|Any CPU
		{C9753B3F-45FF-4E69-A98C-1E7EC447FFD9}.Release|x86.Build.0 = Release|Any CPU
		{38669187-63DE-4710-852D-37D521FE900B}.Debug|Any CPU.ActiveCfg = Debug|Any CPU
		{38669187-63DE-4710-852D-37D521FE900B}.Debug|Any CPU.Build.0 = Debug|Any CPU
		{38669187-63DE-4710-852D-37D521FE900B}.Debug|x64.ActiveCfg = Debug|Any CPU
		{38669187-63DE-4710-852D-37D521FE900B}.Debug|x64.Build.0 = Debug|Any CPU
		{38669187-63DE-4710-852D-37D521FE900B}.Debug|x86.ActiveCfg = Debug|Any CPU
		{38669187-63DE-4710-852D-37D521FE900B}.Debug|x86.Build.0 = Debug|Any CPU
		{38669187-63DE-4710-852D-37D521FE900B}.Release|Any CPU.ActiveCfg = Release|Any CPU
		{38669187-63DE-4710-852D-37D521FE900B}.Release|Any CPU.Build.0 = Release|Any CPU
		{38669187-63DE-4710-852D-37D521FE900B}.Release|x64.ActiveCfg = Release|Any CPU
		{38669187-63DE-4710-852D-37D521FE900B}.Release|x64.Build.0 = Release|Any CPU
		{38669187-63DE-4710-852D-37D521FE900B}.Release|x86.ActiveCfg = Release|Any CPU
		{38669187-63DE-4710-852D-37D521FE900B}.Release|x86.Build.0 = Release|Any CPU
		{94275401-2B39-4E29-B844-589E54F20B08}.Debug|Any CPU.ActiveCfg = Debug|Any CPU
		{94275401-2B39-4E29-B844-589E54F20B08}.Debug|Any CPU.Build.0 = Debug|Any CPU
		{94275401-2B39-4E29-B844-589E54F20B08}.Debug|x64.ActiveCfg = Debug|Any CPU
		{94275401-2B39-4E29-B844-589E54F20B08}.Debug|x64.Build.0 = Debug|Any CPU
		{94275401-2B39-4E29-B844-589E54F20B08}.Debug|x86.ActiveCfg = Debug|Any CPU
		{94275401-2B39-4E29-B844-589E54F20B08}.Debug|x86.Build.0 = Debug|Any CPU
		{94275401-2B39-4E29-B844-589E54F20B08}.Release|Any CPU.ActiveCfg = Release|Any CPU
		{94275401-2B39-4E29-B844-589E54F20B08}.Release|Any CPU.Build.0 = Release|Any CPU
		{94275401-2B39-4E29-B844-589E54F20B08}.Release|x64.ActiveCfg = Release|Any CPU
		{94275401-2B39-4E29-B844-589E54F20B08}.Release|x64.Build.0 = Release|Any CPU
		{94275401-2B39-4E29-B844-589E54F20B08}.Release|x86.ActiveCfg = Release|Any CPU
		{94275401-2B39-4E29-B844-589E54F20B08}.Release|x86.Build.0 = Release|Any CPU
		{D9242EE7-4BE6-4DE7-9412-E762C3F3D927}.Debug|Any CPU.ActiveCfg = Debug|Any CPU
		{D9242EE7-4BE6-4DE7-9412-E762C3F3D927}.Debug|Any CPU.Build.0 = Debug|Any CPU
		{D9242EE7-4BE6-4DE7-9412-E762C3F3D927}.Debug|x64.ActiveCfg = Debug|Any CPU
		{D9242EE7-4BE6-4DE7-9412-E762C3F3D927}.Debug|x64.Build.0 = Debug|Any CPU
		{D9242EE7-4BE6-4DE7-9412-E762C3F3D927}.Debug|x86.ActiveCfg = Debug|Any CPU
		{D9242EE7-4BE6-4DE7-9412-E762C3F3D927}.Debug|x86.Build.0 = Debug|Any CPU
		{D9242EE7-4BE6-4DE7-9412-E762C3F3D927}.Release|Any CPU.ActiveCfg = Release|Any CPU
		{D9242EE7-4BE6-4DE7-9412-E762C3F3D927}.Release|Any CPU.Build.0 = Release|Any CPU
		{D9242EE7-4BE6-4DE7-9412-E762C3F3D927}.Release|x64.ActiveCfg = Release|Any CPU
		{D9242EE7-4BE6-4DE7-9412-E762C3F3D927}.Release|x64.Build.0 = Release|Any CPU
		{D9242EE7-4BE6-4DE7-9412-E762C3F3D927}.Release|x86.ActiveCfg = Release|Any CPU
		{D9242EE7-4BE6-4DE7-9412-E762C3F3D927}.Release|x86.Build.0 = Release|Any CPU
		{66CCB82C-3AC5-4DAF-AA32-401D300156EA}.Debug|Any CPU.ActiveCfg = Debug|Any CPU
		{66CCB82C-3AC5-4DAF-AA32-401D300156EA}.Debug|Any CPU.Build.0 = Debug|Any CPU
		{66CCB82C-3AC5-4DAF-AA32-401D300156EA}.Debug|x64.ActiveCfg = Debug|Any CPU
		{66CCB82C-3AC5-4DAF-AA32-401D300156EA}.Debug|x64.Build.0 = Debug|Any CPU
		{66CCB82C-3AC5-4DAF-AA32-401D300156EA}.Debug|x86.ActiveCfg = Debug|Any CPU
		{66CCB82C-3AC5-4DAF-AA32-401D300156EA}.Debug|x86.Build.0 = Debug|Any CPU
		{66CCB82C-3AC5-4DAF-AA32-401D300156EA}.Release|Any CPU.ActiveCfg = Release|Any CPU
		{66CCB82C-3AC5-4DAF-AA32-401D300156EA}.Release|Any CPU.Build.0 = Release|Any CPU
		{66CCB82C-3AC5-4DAF-AA32-401D300156EA}.Release|x64.ActiveCfg = Release|Any CPU
		{66CCB82C-3AC5-4DAF-AA32-401D300156EA}.Release|x64.Build.0 = Release|Any CPU
		{66CCB82C-3AC5-4DAF-AA32-401D300156EA}.Release|x86.ActiveCfg = Release|Any CPU
		{66CCB82C-3AC5-4DAF-AA32-401D300156EA}.Release|x86.Build.0 = Release|Any CPU
	EndGlobalSection
	GlobalSection(SolutionProperties) = preSolution
		HideSolutionNode = FALSE
	EndGlobalSection
EndGlobal
